
Microsoft Visual Studio Solution File, Format Version 12.00
# Visual Studio Version 16
VisualStudioVersion = 16.0.30503.244
MinimumVisualStudioVersion = 10.0.40219.1
Project("{FAE04EC0-301F-11D3-BF4B-00C04F79EFBC}") = "EmpleadosApp", "EmpleadosApp\EmpleadosApp.csproj", "{5AC8DCC3-C9EC-4C0B-B427-34FFEC74904D}"
EndProject
Global
	GlobalSection(SolutionConfigurationPlatforms) = preSolution
		Debug|Any CPU = Debug|Any CPU
		Release|Any CPU = Release|Any CPU
	EndGlobalSection
	GlobalSection(ProjectConfigurationPlatforms) = postSolution
		{5AC8DCC3-C9EC-4C0B-B427-34FFEC74904D}.Debug|Any CPU.ActiveCfg = Debug|Any CPU
		{5AC8DCC3-C9EC-4C0B-B427-34FFEC74904D}.Debug|Any CPU.Build.0 = Debug|Any CPU
		{5AC8DCC3-C9EC-4C0B-B427-34FFEC74904D}.Release|Any CPU.ActiveCfg = Release|Any CPU
		{5AC8DCC3-C9EC-4C0B-B427-34FFEC74904D}.Release|Any CPU.Build.0 = Release|Any CPU
	EndGlobalSection
	GlobalSection(SolutionProperties) = preSolution
		HideSolutionNode = FALSE
	EndGlobalSection
	GlobalSection(ExtensibilityGlobals) = postSolution
		SolutionGuid = {CEFF2A4C-1D4F-4CD0-88DA-EA3E93A2F732}
	EndGlobalSection
EndGlobal
